
Microsoft Visual Studio Solution File, Format Version 12.00
# Visual Studio Version 17
VisualStudioVersion = 17.4.33122.133
MinimumVisualStudioVersion = 10.0.40219.1
Project("{FAE04EC0-301F-11D3-BF4B-00C04F79EFBC}") = "ConsoleApp1", "ConsoleApp1.csproj", "{565A5E34-1067-49AF-8F7E-3F89BB96900B}"
EndProject
Global
	GlobalSection(SolutionConfigurationPlatforms) = preSolution
		Debug|Any CPU = Debug|Any CPU
		Release|Any CPU = Release|Any CPU
	EndGlobalSection
	GlobalSection(ProjectConfigurationPlatforms) = postSolution
		{565A5E34-1067-49AF-8F7E-3F89BB96900B}.Debug|Any CPU.ActiveCfg = Debug|Any CPU
		{565A5E34-1067-49AF-8F7E-3F89BB96900B}.Debug|Any CPU.Build.0 = Debug|Any CPU
		{565A5E34-1067-49AF-8F7E-3F89BB96900B}.Release|Any CPU.ActiveCfg = Release|Any CPU
		{565A5E34-1067-49AF-8F7E-3F89BB96900B}.Release|Any CPU.Build.0 = Release|Any CPU
	EndGlobalSection
	GlobalSection(SolutionProperties) = preSolution
		HideSolutionNode = FALSE
	EndGlobalSection
	GlobalSection(ExtensibilityGlobals) = postSolution
		SolutionGuid = {8C9138A4-8EE7-4AF5-9EB8-C4B3F55E1591}
	EndGlobalSection
EndGlobal
